
Microsoft Visual Studio Solution File, Format Version 12.00
# Visual Studio 2013
VisualStudioVersion = 12.0.21005.1
MinimumVisualStudioVersion = 10.0.40219.1
Project("{FAE04EC0-301F-11D3-BF4B-00C04F79EFBC}") = "KurisuRiven", "KurisuRiven\KurisuRiven.csproj", "{D5702845-070B-4074-A141-90EE78948B49}"
EndProject
Project("{FAE04EC0-301F-11D3-BF4B-00C04F79EFBC}") = "KurisuNidalee", "KurisuNidalee\KurisuNidalee.csproj", "{61C46DF2-C552-493A-9896-EE93B63317B4}"
EndProject
Project("{FAE04EC0-301F-11D3-BF4B-00C04F79EFBC}") = "KurisuBlitz", "KurisuBlitz\KurisuBlitz.csproj", "{FC26CEE4-91C9-4705-BCC9-FC936AC9D151}"
EndProject
Project("{FAE04EC0-301F-11D3-BF4B-00C04F79EFBC}") = "Oracle (Activator)", "Oracle (Activator)\Oracle (Activator).csproj", "{26F7260F-B714-4B99-995F-EA27775F14DB}"
EndProject
Global
	GlobalSection(SolutionConfigurationPlatforms) = preSolution
		Debug|Any CPU = Debug|Any CPU
		Release|Any CPU = Release|Any CPU
	EndGlobalSection
	GlobalSection(ProjectConfigurationPlatforms) = postSolution
		{D5702845-070B-4074-A141-90EE78948B49}.Debug|Any CPU.ActiveCfg = Debug|Any CPU
		{D5702845-070B-4074-A141-90EE78948B49}.Debug|Any CPU.Build.0 = Debug|Any CPU
		{D5702845-070B-4074-A141-90EE78948B49}.Release|Any CPU.ActiveCfg = Release|Any CPU
		{D5702845-070B-4074-A141-90EE78948B49}.Release|Any CPU.Build.0 = Release|Any CPU
		{61C46DF2-C552-493A-9896-EE93B63317B4}.Debug|Any CPU.ActiveCfg = Debug|Any CPU
		{61C46DF2-C552-493A-9896-EE93B63317B4}.Debug|Any CPU.Build.0 = Debug|Any CPU
		{61C46DF2-C552-493A-9896-EE93B63317B4}.Release|Any CPU.ActiveCfg = Release|Any CPU
		{61C46DF2-C552-493A-9896-EE93B63317B4}.Release|Any CPU.Build.0 = Release|Any CPU
		{FC26CEE4-91C9-4705-BCC9-FC936AC9D151}.Debug|Any CPU.ActiveCfg = Debug|Any CPU
		{FC26CEE4-91C9-4705-BCC9-FC936AC9D151}.Debug|Any CPU.Build.0 = Debug|Any CPU
		{FC26CEE4-91C9-4705-BCC9-FC936AC9D151}.Release|Any CPU.ActiveCfg = Release|Any CPU
		{FC26CEE4-91C9-4705-BCC9-FC936AC9D151}.Release|Any CPU.Build.0 = Release|Any CPU
		{26F7260F-B714-4B99-995F-EA27775F14DB}.Debug|Any CPU.ActiveCfg = Debug|Any CPU
		{26F7260F-B714-4B99-995F-EA27775F14DB}.Debug|Any CPU.Build.0 = Debug|Any CPU
		{26F7260F-B714-4B99-995F-EA27775F14DB}.Release|Any CPU.ActiveCfg = Release|Any CPU
		{26F7260F-B714-4B99-995F-EA27775F14DB}.Release|Any CPU.Build.0 = Release|Any CPU
	EndGlobalSection
	GlobalSection(SolutionProperties) = preSolution
		HideSolutionNode = FALSE
	EndGlobalSection
EndGlobal
